
Microsoft Visual Studio Solution File, Format Version 12.00
# Visual Studio Version 18
VisualStudioVersion = 18.0.11205.157 d18.0
MinimumVisualStudioVersion = 10.0.40219.1
Project("{FAE04EC0-301F-11D3-BF4B-00C04F79EFBC}") = "XVML", "XVML\XVML.csproj", "{90C4CA16-EEDF-45CE-A081-A22CF30DCE5C}"
EndProject
Project("{FAE04EC0-301F-11D3-BF4B-00C04F79EFBC}") = "XVML.Serializer", "XVML.Serializer\XVML.Serializer.csproj", "{C687081B-B2E3-44D2-9B76-31F9435073ED}"
EndProject
Global
	GlobalSection(SolutionConfigurationPlatforms) = preSolution
		Debug|Any CPU = Debug|Any CPU
		Release|Any CPU = Release|Any CPU
	EndGlobalSection
	GlobalSection(ProjectConfigurationPlatforms) = postSolution
		{90C4CA16-EEDF-45CE-A081-A22CF30DCE5C}.Debug|Any CPU.ActiveCfg = Debug|Any CPU
		{90C4CA16-EEDF-45CE-A081-A22CF30DCE5C}.Debug|Any CPU.Build.0 = Debug|Any CPU
		{90C4CA16-EEDF-45CE-A081-A22CF30DCE5C}.Release|Any CPU.ActiveCfg = Release|Any CPU
		{90C4CA16-EEDF-45CE-A081-A22CF30DCE5C}.Release|Any CPU.Build.0 = Release|Any CPU
		{C687081B-B2E3-44D2-9B76-31F9435073ED}.Debug|Any CPU.ActiveCfg = Debug|Any CPU
		{C687081B-B2E3-44D2-9B76-31F9435073ED}.Debug|Any CPU.Build.0 = Debug|Any CPU
		{C687081B-B2E3-44D2-9B76-31F9435073ED}.Release|Any CPU.ActiveCfg = Release|Any CPU
		{C687081B-B2E3-44D2-9B76-31F9435073ED}.Release|Any CPU.Build.0 = Release|Any CPU
	EndGlobalSection
	GlobalSection(SolutionProperties) = preSolution
		HideSolutionNode = FALSE
	EndGlobalSection
	GlobalSection(ExtensibilityGlobals) = postSolution
		SolutionGuid = {5DC0C7E9-A281-4091-AFA9-5F77F604C873}
	EndGlobalSection
EndGlobal
